// !$*UTF8*$!
{
	archiveVersion = 1;
	classes = {
	};
	objectVersion = 50;
	objects = {

/* Begin PBXBuildFile section */
		7B1AF709214C3E1300F2C134 /* main.swift in Sources */ = {isa = PBXBuildFile; fileRef = 7B1AF708214C3E1300F2C134 /* main.swift */; };
		7B1AF711214C3E8400F2C134 /* StringFile.swift in Sources */ = {isa = PBXBuildFile; fileRef = 7B1AF710214C3E8400F2C134 /* StringFile.swift */; };
		7B408D4F21617C6B00C2F882 /* Copia.txt in Sources */ = {isa = PBXBuildFile; fileRef = 7B408D4E21617C6B00C2F882 /* Copia.txt */; };
/* End PBXBuildFile section */

/* Begin PBXCopyFilesBuildPhase section */
		7B1AF703214C3E1300F2C134 /* CopyFiles */ = {
			isa = PBXCopyFilesBuildPhase;
			buildActionMask = 2147483647;
			dstPath = /usr/share/man/man1/;
			dstSubfolderSpec = 0;
			files = (
			);
			runOnlyForDeploymentPostprocessing = 1;
		};
/* End PBXCopyFilesBuildPhase section */

/* Begin PBXFileReference section */
		7B1AF705214C3E1300F2C134 /* Cranfield */ = {isa = PBXFileReference; explicitFileType = "compiled.mach-o.executable"; includeInIndex = 0; path = Cranfield; sourceTree = BUILT_PRODUCTS_DIR; };
		7B1AF708214C3E1300F2C134 /* main.swift */ = {isa = PBXFileReference; lastKnownFileType = sourcecode.swift; path = main.swift; sourceTree = "<group>"; };
		7B1AF70F214C3E6500F2C134 /* cran.txt */ = {isa = PBXFileReference; lastKnownFileType = text; path = cran.txt; sourceTree = "<group>"; };
		7B1AF710214C3E8400F2C134 /* StringFile.swift */ = {isa = PBXFileReference; lastKnownFileType = sourcecode.swift; path = StringFile.swift; sourceTree = "<group>"; };
		7B408D4E21617C6B00C2F882 /* Copia.txt */ = {isa = PBXFileReference; lastKnownFileType = text; path = Copia.txt; sourceTree = "<group>"; };
		7BD27B19215AD0B40002C5F9 /* queries.txt */ = {isa = PBXFileReference; lastKnownFileType = text; path = queries.txt; sourceTree = "<group>"; };
		F51D42622163FFFC00BD9E01 /* cranqrel.txt */ = {isa = PBXFileReference; lastKnownFileType = text; name = cranqrel.txt; path = "/Users/victoredu96/Desktop/GitHub/InformationRetrieval/Proyecto 2/Cranfield/Cranfield/cranqrel.txt"; sourceTree = "<absolute>"; };
/* End PBXFileReference section */

/* Begin PBXFrameworksBuildPhase section */
		7B1AF702214C3E1300F2C134 /* Frameworks */ = {
			isa = PBXFrameworksBuildPhase;
			buildActionMask = 2147483647;
			files = (
			);
			runOnlyForDeploymentPostprocessing = 0;
		};
/* End PBXFrameworksBuildPhase section */

/* Begin PBXGroup section */
		7B1AF6FC214C3E1300F2C134 = {
			isa = PBXGroup;
			children = (
				7B1AF707214C3E1300F2C134 /* Cranfield */,
				7B1AF706214C3E1300F2C134 /* Products */,
			);
			sourceTree = "<group>";
		};
		7B1AF706214C3E1300F2C134 /* Products */ = {
			isa = PBXGroup;
			children = (
				7B1AF705214C3E1300F2C134 /* Cranfield */,
			);
			name = Products;
			sourceTree = "<group>";
		};
		7B1AF707214C3E1300F2C134 /* Cranfield */ = {
			isa = PBXGroup;
			children = (
				7B1AF708214C3E1300F2C134 /* main.swift */,
				7B408D4E21617C6B00C2F882 /* Copia.txt */,
				F51D42622163FFFC00BD9E01 /* cranqrel.txt */,
				7B1AF70F214C3E6500F2C134 /* cran.txt */,
				7BD27B19215AD0B40002C5F9 /* queries.txt */,
				7B1AF710214C3E8400F2C134 /* StringFile.swift */,
			);
			path = Cranfield;
			sourceTree = "<group>";
		};
/* End PBXGroup section */

/* Begin PBXNativeTarget section */
		7B1AF704214C3E1300F2C134 /* Cranfield */ = {
			isa = PBXNativeTarget;
			buildConfigurationList = 7B1AF70C214C3E1300F2C134 /* Build configuration list for PBXNativeTarget "Cranfield" */;
			buildPhases = (
				7B1AF701214C3E1300F2C134 /* Sources */,
				7B1AF702214C3E1300F2C134 /* Frameworks */,
				7B1AF703214C3E1300F2C134 /* CopyFiles */,
			);
			buildRules = (
			);
			dependencies = (
			);
			name = Cranfield;
			productName = Cranfield;
			productReference = 7B1AF705214C3E1300F2C134 /* Cranfield */;
			productType = "com.apple.product-type.tool";
		};
/* End PBXNativeTarget section */

/* Begin PBXProject section */
		7B1AF6FD214C3E1300F2C134 /* Project object */ = {
			isa = PBXProject;
			attributes = {
				LastSwiftUpdateCheck = 1000;
				LastUpgradeCheck = 1000;
				ORGANIZATIONNAME = "Luis Luna";
				TargetAttributes = {
					7B1AF704214C3E1300F2C134 = {
						CreatedOnToolsVersion = 10.0;
					};
				};
			};
			buildConfigurationList = 7B1AF700214C3E1300F2C134 /* Build configuration list for PBXProject "Cranfield" */;
			compatibilityVersion = "Xcode 9.3";
			developmentRegion = en;
			hasScannedForEncodings = 0;
			knownRegions = (
				en,
			);
			mainGroup = 7B1AF6FC214C3E1300F2C134;
			productRefGroup = 7B1AF706214C3E1300F2C134 /* Products */;
			projectDirPath = "";
			projectRoot = "";
			targets = (
				7B1AF704214C3E1300F2C134 /* Cranfield */,
			);
		};
/* End PBXProject section */

/* Begin PBXSourcesBuildPhase section */
		7B1AF701214C3E1300F2C134 /* Sources */ = {
			isa = PBXSourcesBuildPhase;
			buildActionMask = 2147483647;
			files = (
				7B1AF711214C3E8400F2C134 /* StringFile.swift in Sources */,
				7B1AF709214C3E1300F2C134 /* main.swift in Sources */,
				7B408D4F21617C6B00C2F882 /* Copia.txt in Sources */,
			);
			runOnlyForDeploymentPostprocessing = 0;
		};
/* End PBXSourcesBuildPhase section */

/* Begin XCBuildConfiguration section */
		7B1AF70A214C3E1300F2C134 /* Debug */ = {
			isa = XCBuildConfiguration;
			buildSettings = {
				ALWAYS_SEARCH_USER_PATHS = NO;
				CLANG_ANALYZER_NONNULL = YES;
				CLANG_ANALYZER_NUMBER_OBJECT_CONVERSION = YES_AGGRESSIVE;
				CLANG_CXX_LANGUAGE_STANDARD = "gnu++14";
				CLANG_CXX_LIBRARY = "libc++";
				CLANG_ENABLE_MODULES = YES;
				CLANG_ENABLE_OBJC_ARC = YES;
				CLANG_ENABLE_OBJC_WEAK = YES;
				CLANG_WARN_BLOCK_CAPTURE_AUTORELEASING = YES;
				CLANG_WARN_BOOL_CONVERSION = YES;
				CLANG_WARN_COMMA = YES;
				CLANG_WARN_CONSTANT_CONVERSION = YES;
				CLANG_WARN_DEPRECATED_OBJC_IMPLEMENTATIONS = YES;
				CLANG_WARN_DIRECT_OBJC_ISA_USAGE = YES_ERROR;
				CLANG_WARN_DOCUMENTATION_COMMENTS = YES;
				CLANG_WARN_EMPTY_BODY = YES;
				CLANG_WARN_ENUM_CONVERSION = YES;
				CLANG_WARN_INFINITE_RECURSION = YES;
				CLANG_WARN_INT_CONVERSION = YES;
				CLANG_WARN_NON_LITERAL_NULL_CONVERSION = YES;
				CLANG_WARN_OBJC_IMPLICIT_RETAIN_SELF = YES;
				CLANG_WARN_OBJC_LITERAL_CONVERSION = YES;
				CLANG_WARN_OBJC_ROOT_CLASS = YES_ERROR;
				CLANG_WARN_RANGE_LOOP_ANALYSIS = YES;
				CLANG_WARN_STRICT_PROTOTYPES = YES;
				CLANG_WARN_SUSPICIOUS_MOVE = YES;
				CLANG_WARN_UNGUARDED_AVAILABILITY = YES_AGGRESSIVE;
				CLANG_WARN_UNREACHABLE_CODE = YES;
				CLANG_WARN__DUPLICATE_METHOD_MATCH = YES;
				CODE_SIGN_IDENTITY = "Mac Developer";
				COPY_PHASE_STRIP = NO;
				DEBUG_INFORMATION_FORMAT = dwarf;
				ENABLE_STRICT_OBJC_MSGSEND = YES;
				ENABLE_TESTABILITY = YES;
				GCC_C_LANGUAGE_STANDARD = gnu11;
				GCC_DYNAMIC_NO_PIC = NO;
				GCC_NO_COMMON_BLOCKS = YES;
				GCC_OPTIMIZATION_LEVEL = 0;
				GCC_PREPROCESSOR_DEFINITIONS = (
					"DEBUG=1",
					"$(inherited)",
				);
				GCC_WARN_64_TO_32_BIT_CONVERSION = YES;
				GCC_WARN_ABOUT_RETURN_TYPE = YES_ERROR;
				GCC_WARN_UNDECLARED_SELECTOR = YES;
				GCC_WARN_UNINITIALIZED_AUTOS = YES_AGGRESSIVE;
				GCC_WARN_UNUSED_FUNCTION = YES;
				GCC_WARN_UNUSED_VARIABLE = YES;
				MACOSX_DEPLOYMENT_TARGET = 10.14;
				MTL_ENABLE_DEBUG_INFO = INCLUDE_SOURCE;
				MTL_FAST_MATH = YES;
				ONLY_ACTIVE_ARCH = YES;
				SDKROOT = macosx;
				SWIFT_ACTIVE_COMPILATION_CONDITIONS = DEBUG;
				SWIFT_OPTIMIZATION_LEVEL = "-Onone";
			};
			name = Debug;
		};
		7B1AF70B214C3E1300F2C134 /* Release */ = {
			isa = XCBuildConfiguration;
			buildSettings = {
				ALWAYS_SEARCH_USER_PATHS = NO;
				CLANG_ANALYZER_NONNULL = YES;
				CLANG_ANALYZER_NUMBER_OBJECT_CONVERSION = YES_AGGRESSIVE;
				CLANG_CXX_LANGUAGE_STANDARD = "gnu++14";
				CLANG_CXX_LIBRARY = "libc++";
				CLANG_ENABLE_MODULES = YES;
				CLANG_ENABLE_OBJC_ARC = YES;
				CLANG_ENABLE_OBJC_WEAK = YES;
				CLANG_WARN_BLOCK_CAPTURE_AUTORELEASING = YES;
				CLANG_WARN_BOOL_CONVERSION = YES;
				CLANG_WARN_COMMA = YES;
				CLANG_WARN_CONSTANT_CONVERSION = YES;
				CLANG_WARN_DEPRECATED_OBJC_IMPLEMENTATIONS = YES;
				CLANG_WARN_DIRECT_OBJC_ISA_USAGE = YES_ERROR;
				CLANG_WARN_DOCUMENTATION_COMMENTS = YES;
				CLANG_WARN_EMPTY_BODY = YES;
				CLANG_WARN_ENUM_CONVERSION = YES;
				CLANG_WARN_INFINITE_RECURSION = YES;
				CLANG_WARN_INT_CONVERSION = YES;
				CLANG_WARN_NON_LITERAL_NULL_CONVERSION = YES;
				CLANG_WARN_OBJC_IMPLICIT_RETAIN_SELF = YES;
				CLANG_WARN_OBJC_LITERAL_CONVERSION = YES;
				CLANG_WARN_OBJC_ROOT_CLASS = YES_ERROR;
				CLANG_WARN_RANGE_LOOP_ANALYSIS = YES;
				CLANG_WARN_STRICT_PROTOTYPES = YES;
				CLANG_WARN_SUSPICIOUS_MOVE = YES;
				CLANG_WARN_UNGUARDED_AVAILABILITY = YES_AGGRESSIVE;
				CLANG_WARN_UNREACHABLE_CODE = YES;
				CLANG_WARN__DUPLICATE_METHOD_MATCH = YES;
				CODE_SIGN_IDENTITY = "Mac Developer";
				COPY_PHASE_STRIP = NO;
				DEBUG_INFORMATION_FORMAT = "dwarf-with-dsym";
				ENABLE_NS_ASSERTIONS = NO;
				ENABLE_STRICT_OBJC_MSGSEND = YES;
				GCC_C_LANGUAGE_STANDARD = gnu11;
				GCC_NO_COMMON_BLOCKS = YES;
				GCC_WARN_64_TO_32_BIT_CONVERSION = YES;
				GCC_WARN_ABOUT_RETURN_TYPE = YES_ERROR;
				GCC_WARN_UNDECLARED_SELECTOR = YES;
				GCC_WARN_UNINITIALIZED_AUTOS = YES_AGGRESSIVE;
				GCC_WARN_UNUSED_FUNCTION = YES;
				GCC_WARN_UNUSED_VARIABLE = YES;
				MACOSX_DEPLOYMENT_TARGET = 10.14;
				MTL_ENABLE_DEBUG_INFO = NO;
				MTL_FAST_MATH = YES;
				SDKROOT = macosx;
				SWIFT_COMPILATION_MODE = wholemodule;
				SWIFT_OPTIMIZATION_LEVEL = "-O";
			};
			name = Release;
		};
		7B1AF70D214C3E1300F2C134 /* Debug */ = {
			isa = XCBuildConfiguration;
			buildSettings = {
				CODE_SIGN_STYLE = Automatic;
				DEVELOPMENT_TEAM = 3DRKDQYGLL;
				PRODUCT_NAME = "$(TARGET_NAME)";
				SWIFT_VERSION = 4.2;
			};
			name = Debug;
		};
		7B1AF70E214C3E1300F2C134 /* Release */ = {
			isa = XCBuildConfiguration;
			buildSettings = {
				CODE_SIGN_STYLE = Automatic;
				DEVELOPMENT_TEAM = 3DRKDQYGLL;
				PRODUCT_NAME = "$(TARGET_NAME)";
				SWIFT_VERSION = 4.2;
			};
			name = Release;
		};
/* End XCBuildConfiguration section */

/* Begin XCConfigurationList section */
		7B1AF700214C3E1300F2C134 /* Build configuration list for PBXProject "Cranfield" */ = {
			isa = XCConfigurationList;
			buildConfigurations = (
				7B1AF70A214C3E1300F2C134 /* Debug */,
				7B1AF70B214C3E1300F2C134 /* Release */,
			);
			defaultConfigurationIsVisible = 0;
			defaultConfigurationName = Release;
		};
		7B1AF70C214C3E1300F2C134 /* Build configuration list for PBXNativeTarget "Cranfield" */ = {
			isa = XCConfigurationList;
			buildConfigurations = (
				7B1AF70D214C3E1300F2C134 /* Debug */,
				7B1AF70E214C3E1300F2C134 /* Release */,
			);
			defaultConfigurationIsVisible = 0;
			defaultConfigurationName = Release;
		};
/* End XCConfigurationList section */
	};
	rootObject = 7B1AF6FD214C3E1300F2C134 /* Project object */;
}
